{
  "name": "notiongit",
  "lockfileVersion": 3,
  "requires": true,
  "packages": {
    "": {
      "name": "notiongit",
      "workspaces": [
        "spikes/notion-oauth-template"
      ]
    },
    "node_modules/notion-oauth-template-spike": {
      "resolved": "spikes/notion-oauth-template",
      "link": true
    },
    "spikes/notion-oauth-template": {
      "name": "notion-oauth-template-spike",
      "version": "0.0.0"
    }
  }
}
